
Microsoft Visual Studio Solution File, Format Version 12.00
# Visual Studio Version 17
VisualStudioVersion = 17.4.33213.308
MinimumVisualStudioVersion = 10.0.40219.1
Project("{FAE04EC0-301F-11D3-BF4B-00C04F79EFBC}") = "SchoolPlatformWebApplication", "SchoolPlatformWebApplication\SchoolPlatformWebApplication.csproj", "{6C961334-54E8-4D07-9512-71CD369ADD66}"
EndProject
Global
	GlobalSection(SolutionConfigurationPlatforms) = preSolution
		Debug|Any CPU = Debug|Any CPU
		Release|Any CPU = Release|Any CPU
	EndGlobalSection
	GlobalSection(ProjectConfigurationPlatforms) = postSolution
		{6C961334-54E8-4D07-9512-71CD369ADD66}.Debug|Any CPU.ActiveCfg = Debug|Any CPU
		{6C961334-54E8-4D07-9512-71CD369ADD66}.Debug|Any CPU.Build.0 = Debug|Any CPU
		{6C961334-54E8-4D07-9512-71CD369ADD66}.Release|Any CPU.ActiveCfg = Release|Any CPU
		{6C961334-54E8-4D07-9512-71CD369ADD66}.Release|Any CPU.Build.0 = Release|Any CPU
	EndGlobalSection
	GlobalSection(SolutionProperties) = preSolution
		HideSolutionNode = FALSE
	EndGlobalSection
	GlobalSection(ExtensibilityGlobals) = postSolution
		SolutionGuid = {B9328988-EE63-4F20-AE4D-41F119918ED2}
	EndGlobalSection
EndGlobal
